{
  "lockfile_version": "1",
  "packages": {
    "dprint@latest": {
      "last_modified": "2025-05-21T01:27:34Z",
      "resolved": "github:NixOS/nixpkgs/f0d925b947cca0bbe7f2d25115cbaf021844aba7#dprint",
      "source": "devbox-search",
      "version": "0.50.0",
      "systems": {
        "aarch64-darwin": {
          "outputs": [
            {
              "name": "out",
              "path": "/nix/store/xdmpfpccx053y1vx2zdqfxgp1rm9q7b3-dprint-0.50.0",
              "default": true
            }
          ],
          "store_path": "/nix/store/xdmpfpccx053y1vx2zdqfxgp1rm9q7b3-dprint-0.50.0"
        },
        "aarch64-linux": {
          "outputs": [
            {
              "name": "out",
              "path": "/nix/store/d7kspyc25qm4dfkbff4z6mxsg0qqw13a-dprint-0.50.0",
              "default": true
            }
          ],
          "store_path": "/nix/store/d7kspyc25qm4dfkbff4z6mxsg0qqw13a-dprint-0.50.0"
        },
        "x86_64-darwin": {
          "outputs": [
            {
              "name": "out",
              "path": "/nix/store/r8nx41byrmlc2sx3n6laa17gr7z0fyc6-dprint-0.50.0",
              "default": true
            }
          ],
          "store_path": "/nix/store/r8nx41byrmlc2sx3n6laa17gr7z0fyc6-dprint-0.50.0"
        },
        "x86_64-linux": {
          "outputs": [
            {
              "name": "out",
              "path": "/nix/store/7ffzci9zbfah5jhiidvb7dazz5lvkf54-dprint-0.50.0",
              "default": true
            }
          ],
          "store_path": "/nix/store/7ffzci9zbfah5jhiidvb7dazz5lvkf54-dprint-0.50.0"
        }
      }
    },
    "github:NixOS/nixpkgs/nixpkgs-unstable": {
      "last_modified": "2025-05-07T00:09:58Z",
      "resolved": "github:NixOS/nixpkgs/b3582c75c7f21ce0b429898980eddbbf05c68e55?lastModified=1746576598&narHash=sha256-FshoQvr6Aor5SnORVvh%2FZdJ1Sa2U4ZrIMwKBX5k2wu0%3D"
    },
    "mdformat@latest": {
      "last_modified": "2025-07-13T22:45:35Z",
      "resolved": "github:NixOS/nixpkgs/a421ac6595024edcfbb1ef950a3712b89161c359#mdformat",
      "source": "devbox-search",
      "systems": {
        "aarch64-darwin": {
          "outputs": [
            {
              "name": "out",
              "path": "/nix/store/1rb6c666q6ijz726dylql6rlwn0vbhba-mdformat-wrapped",
              "default": true
            }
          ],
          "store_path": "/nix/store/1rb6c666q6ijz726dylql6rlwn0vbhba-mdformat-wrapped"
        },
        "aarch64-linux": {
          "outputs": [
            {
              "name": "out",
              "path": "/nix/store/w2bxf3kw63in3i1l1w5ynvmzyw4w84qv-mdformat-wrapped",
              "default": true
            }
          ],
          "store_path": "/nix/store/w2bxf3kw63in3i1l1w5ynvmzyw4w84qv-mdformat-wrapped"
        },
        "x86_64-darwin": {
          "outputs": [
            {
              "name": "out",
              "path": "/nix/store/ijwk29igd5pyf4n6a6aqyphcbikbs1jg-mdformat-wrapped",
              "default": true
            }
          ],
          "store_path": "/nix/store/ijwk29igd5pyf4n6a6aqyphcbikbs1jg-mdformat-wrapped"
        },
        "x86_64-linux": {
          "outputs": [
            {
              "name": "out",
              "path": "/nix/store/jf416h6fwgf4q15a6rvv392ab0fnpsi6-mdformat-wrapped",
              "default": true
            }
          ],
          "store_path": "/nix/store/jf416h6fwgf4q15a6rvv392ab0fnpsi6-mdformat-wrapped"
        }
      }
    },
    "ruff@latest": {
      "last_modified": "2025-07-13T22:45:35Z",
      "resolved": "github:NixOS/nixpkgs/a421ac6595024edcfbb1ef950a3712b89161c359#ruff",
      "source": "devbox-search",
      "version": "0.12.3",
      "systems": {
        "aarch64-darwin": {
          "outputs": [
            {
              "name": "out",
              "path": "/nix/store/xqqqh3n8wyn54ga1dq44s09bv8b2h8ry-ruff-0.12.3",
              "default": true
            }
          ],
          "store_path": "/nix/store/xqqqh3n8wyn54ga1dq44s09bv8b2h8ry-ruff-0.12.3"
        },
        "aarch64-linux": {
          "outputs": [
            {
              "name": "out",
              "path": "/nix/store/3rj9xwhr1fdrblz3g8aifrw0q8rwcwza-ruff-0.12.3",
              "default": true
            }
          ],
          "store_path": "/nix/store/3rj9xwhr1fdrblz3g8aifrw0q8rwcwza-ruff-0.12.3"
        },
        "x86_64-darwin": {
          "outputs": [
            {
              "name": "out",
              "path": "/nix/store/ngilnvdfhldi7vdviwm1jb84i3axikqk-ruff-0.12.3",
              "default": true
            }
          ],
          "store_path": "/nix/store/ngilnvdfhldi7vdviwm1jb84i3axikqk-ruff-0.12.3"
        },
        "x86_64-linux": {
          "outputs": [
            {
              "name": "out",
              "path": "/nix/store/58ha6ys82s5lhvxwynjcsp8p1xz4ar6y-ruff-0.12.3",
              "default": true
            }
          ],
          "store_path": "/nix/store/58ha6ys82s5lhvxwynjcsp8p1xz4ar6y-ruff-0.12.3"
        }
      }
    },
    "uv@latest": {
      "last_modified": "2025-07-24T15:00:16Z",
      "resolved": "github:NixOS/nixpkgs/b74a30dbc0a72e20df07d43109339f780b439291#uv",
      "source": "devbox-search",
      "version": "0.8.2",
      "systems": {
        "aarch64-darwin": {
          "outputs": [
            {
              "name": "out",
              "path": "/nix/store/6iy8d2cn8sykw5h8lzylc46vv3ah00p0-uv-0.8.2",
              "default": true
            }
          ],
          "store_path": "/nix/store/6iy8d2cn8sykw5h8lzylc46vv3ah00p0-uv-0.8.2"
        },
        "aarch64-linux": {
          "outputs": [
            {
              "name": "out",
              "path": "/nix/store/mr45kbhf7s1slkm10ba21skch5qvbag3-uv-0.8.2",
              "default": true
            }
          ],
          "store_path": "/nix/store/mr45kbhf7s1slkm10ba21skch5qvbag3-uv-0.8.2"
        },
        "x86_64-darwin": {
          "outputs": [
            {
              "name": "out",
              "path": "/nix/store/3k7b264mci6jgb8whw47wixjvfg8ws6g-uv-0.8.2",
              "default": true
            }
          ],
          "store_path": "/nix/store/3k7b264mci6jgb8whw47wixjvfg8ws6g-uv-0.8.2"
        },
        "x86_64-linux": {
          "outputs": [
            {
              "name": "out",
              "path": "/nix/store/sd4i4r0w1dx5bqxwlpgi5wrza8p850xp-uv-0.8.2",
              "default": true
            }
          ],
          "store_path": "/nix/store/sd4i4r0w1dx5bqxwlpgi5wrza8p850xp-uv-0.8.2"
        }
      }
    }
  }
}
