{
  "lockfile_version": "1",
  "packages": {
    "dprint@latest": {
      "last_modified": "2025-05-21T01:27:34Z",
      "resolved": "github:NixOS/nixpkgs/f0d925b947cca0bbe7f2d25115cbaf021844aba7#dprint",
      "source": "devbox-search",
      "version": "0.50.0",
      "systems": {
        "aarch64-darwin": {
          "outputs": [
            {
              "name": "out",
              "path": "/nix/store/xdmpfpccx053y1vx2zdqfxgp1rm9q7b3-dprint-0.50.0",
              "default": true
            }
          ],
          "store_path": "/nix/store/xdmpfpccx053y1vx2zdqfxgp1rm9q7b3-dprint-0.50.0"
        },
        "aarch64-linux": {
          "outputs": [
            {
              "name": "out",
              "path": "/nix/store/d7kspyc25qm4dfkbff4z6mxsg0qqw13a-dprint-0.50.0",
              "default": true
            }
          ],
          "store_path": "/nix/store/d7kspyc25qm4dfkbff4z6mxsg0qqw13a-dprint-0.50.0"
        },
        "x86_64-darwin": {
          "outputs": [
            {
              "name": "out",
              "path": "/nix/store/r8nx41byrmlc2sx3n6laa17gr7z0fyc6-dprint-0.50.0",
              "default": true
            }
          ],
          "store_path": "/nix/store/r8nx41byrmlc2sx3n6laa17gr7z0fyc6-dprint-0.50.0"
        },
        "x86_64-linux": {
          "outputs": [
            {
              "name": "out",
              "path": "/nix/store/7ffzci9zbfah5jhiidvb7dazz5lvkf54-dprint-0.50.0",
              "default": true
            }
          ],
          "store_path": "/nix/store/7ffzci9zbfah5jhiidvb7dazz5lvkf54-dprint-0.50.0"
        }
      }
    },
    "github:NixOS/nixpkgs/nixpkgs-unstable": {
      "last_modified": "2025-05-07T00:09:58Z",
      "resolved": "github:NixOS/nixpkgs/b3582c75c7f21ce0b429898980eddbbf05c68e55?lastModified=1746576598&narHash=sha256-FshoQvr6Aor5SnORVvh%2FZdJ1Sa2U4ZrIMwKBX5k2wu0%3D"
    },
    "mdformat@latest": {
      "last_modified": "2025-07-13T22:45:35Z",
      "resolved": "github:NixOS/nixpkgs/a421ac6595024edcfbb1ef950a3712b89161c359#mdformat",
      "source": "devbox-search",
      "systems": {
        "aarch64-darwin": {
          "outputs": [
            {
              "name": "out",
              "path": "/nix/store/1rb6c666q6ijz726dylql6rlwn0vbhba-mdformat-wrapped",
              "default": true
            }
          ],
          "store_path": "/nix/store/1rb6c666q6ijz726dylql6rlwn0vbhba-mdformat-wrapped"
        },
        "aarch64-linux": {
          "outputs": [
            {
              "name": "out",
              "path": "/nix/store/w2bxf3kw63in3i1l1w5ynvmzyw4w84qv-mdformat-wrapped",
              "default": true
            }
          ],
          "store_path": "/nix/store/w2bxf3kw63in3i1l1w5ynvmzyw4w84qv-mdformat-wrapped"
        },
        "x86_64-darwin": {
          "outputs": [
            {
              "name": "out",
              "path": "/nix/store/ijwk29igd5pyf4n6a6aqyphcbikbs1jg-mdformat-wrapped",
              "default": true
            }
          ],
          "store_path": "/nix/store/ijwk29igd5pyf4n6a6aqyphcbikbs1jg-mdformat-wrapped"
        },
        "x86_64-linux": {
          "outputs": [
            {
              "name": "out",
              "path": "/nix/store/jf416h6fwgf4q15a6rvv392ab0fnpsi6-mdformat-wrapped",
              "default": true
            }
          ],
          "store_path": "/nix/store/jf416h6fwgf4q15a6rvv392ab0fnpsi6-mdformat-wrapped"
        }
      }
    },
    "poetry@latest": {
      "last_modified": "2025-05-04T04:25:16Z",
      "plugin_version": "0.0.4",
      "resolved": "github:NixOS/nixpkgs/6b1c028bce9c89e9824cde040d6986d428296055#poetry",
      "source": "devbox-search",
      "version": "2.1.2",
      "systems": {
        "aarch64-darwin": {
          "outputs": [
            {
              "name": "out",
              "path": "/nix/store/h31hml80ar2brl5c8gcgqfk9zi4c0q1n-python3.12-poetry-2.1.2",
              "default": true
            },
            {
              "name": "dist",
              "path": "/nix/store/9cy3rigr95dcsjb8qyymjjjcdzyqyvpp-python3.12-poetry-2.1.2-dist"
            }
          ],
          "store_path": "/nix/store/h31hml80ar2brl5c8gcgqfk9zi4c0q1n-python3.12-poetry-2.1.2"
        },
        "aarch64-linux": {
          "outputs": [
            {
              "name": "out",
              "path": "/nix/store/pignydadpij4fql1pbig2yxhhsvlj2gy-python3.12-poetry-2.1.2",
              "default": true
            },
            {
              "name": "dist",
              "path": "/nix/store/ynsndjvqjxb3xp8pji8fca86y474f65b-python3.12-poetry-2.1.2-dist"
            }
          ],
          "store_path": "/nix/store/pignydadpij4fql1pbig2yxhhsvlj2gy-python3.12-poetry-2.1.2"
        },
        "x86_64-darwin": {
          "outputs": [
            {
              "name": "out",
              "path": "/nix/store/403jsbwnlljxvnhfx2clm8vfsi7qfnsl-python3.12-poetry-2.1.2",
              "default": true
            },
            {
              "name": "dist",
              "path": "/nix/store/djs2b0jjk8z0hszqignn6jws1w62kxbr-python3.12-poetry-2.1.2-dist"
            }
          ],
          "store_path": "/nix/store/403jsbwnlljxvnhfx2clm8vfsi7qfnsl-python3.12-poetry-2.1.2"
        },
        "x86_64-linux": {
          "outputs": [
            {
              "name": "out",
              "path": "/nix/store/i7h0r4r3ml91dn4m7wzr5h63c4cp9lq7-python3.12-poetry-2.1.2",
              "default": true
            },
            {
              "name": "dist",
              "path": "/nix/store/91ca1k5db9m714rk5ppzmpcbqrc537az-python3.12-poetry-2.1.2-dist"
            }
          ],
          "store_path": "/nix/store/i7h0r4r3ml91dn4m7wzr5h63c4cp9lq7-python3.12-poetry-2.1.2"
        }
      }
    },
    "python@3.13": {
      "last_modified": "2025-05-06T08:06:31Z",
      "plugin_version": "0.0.4",
      "resolved": "github:NixOS/nixpkgs/1cb1c02a6b1b7cf67e3d7731cbbf327a53da9679#python313",
      "source": "devbox-search",
      "version": "3.13.3",
      "systems": {
        "aarch64-darwin": {
          "outputs": [
            {
              "path": "/nix/store/mk9waz7zbq8hxm6sxhwn88hhcwmgsa84-python3-3.13.3",
              "default": true
            }
          ]
        },
        "aarch64-linux": {
          "outputs": [
            {
              "name": "out",
              "path": "/nix/store/lay2ax4czpnh2rb38l1z7gm0mh1cidac-python3-3.13.3",
              "default": true
            },
            {
              "name": "debug",
              "path": "/nix/store/fy6alcbq7vypldhw13m3sgczby5ipdh4-python3-3.13.3-debug"
            }
          ],
          "store_path": "/nix/store/lay2ax4czpnh2rb38l1z7gm0mh1cidac-python3-3.13.3"
        },
        "x86_64-linux": {
          "outputs": [
            {
              "name": "out",
              "path": "/nix/store/aicda9v5hprnbik4rwi4ajfv4ab0r5hk-python3-3.13.3",
              "default": true
            },
            {
              "name": "debug",
              "path": "/nix/store/p39bw5qljcd4jq2p262s58sf54dbxhxr-python3-3.13.3-debug"
            }
          ],
          "store_path": "/nix/store/aicda9v5hprnbik4rwi4ajfv4ab0r5hk-python3-3.13.3"
        }
      }
    },
    "ruff@latest": {
      "last_modified": "2025-07-13T22:45:35Z",
      "resolved": "github:NixOS/nixpkgs/a421ac6595024edcfbb1ef950a3712b89161c359#ruff",
      "source": "devbox-search",
      "version": "0.12.3",
      "systems": {
        "aarch64-darwin": {
          "outputs": [
            {
              "name": "out",
              "path": "/nix/store/xqqqh3n8wyn54ga1dq44s09bv8b2h8ry-ruff-0.12.3",
              "default": true
            }
          ],
          "store_path": "/nix/store/xqqqh3n8wyn54ga1dq44s09bv8b2h8ry-ruff-0.12.3"
        },
        "aarch64-linux": {
          "outputs": [
            {
              "name": "out",
              "path": "/nix/store/3rj9xwhr1fdrblz3g8aifrw0q8rwcwza-ruff-0.12.3",
              "default": true
            }
          ],
          "store_path": "/nix/store/3rj9xwhr1fdrblz3g8aifrw0q8rwcwza-ruff-0.12.3"
        },
        "x86_64-darwin": {
          "outputs": [
            {
              "name": "out",
              "path": "/nix/store/ngilnvdfhldi7vdviwm1jb84i3axikqk-ruff-0.12.3",
              "default": true
            }
          ],
          "store_path": "/nix/store/ngilnvdfhldi7vdviwm1jb84i3axikqk-ruff-0.12.3"
        },
        "x86_64-linux": {
          "outputs": [
            {
              "name": "out",
              "path": "/nix/store/58ha6ys82s5lhvxwynjcsp8p1xz4ar6y-ruff-0.12.3",
              "default": true
            }
          ],
          "store_path": "/nix/store/58ha6ys82s5lhvxwynjcsp8p1xz4ar6y-ruff-0.12.3"
        }
      }
    }
  }
}
